{
    "_meta": {
        "hash": {
            "sha256": "818c67b5cf3ab72b5d901d6d22ac380b960716e50c0030e35cabd76342cd7cca"
        },
        "pipfile-spec": 6,
        "requires": {
            "python_version": "3.13"
        },
        "sources": [
            {
                "name": "pypi",
                "url": "https://pypi.org/simple",
                "verify_ssl": true
            }
        ]
    },
    "default": {
        "mysql-connector-python": {
            "hashes": [
                "sha256:109e17a4ada1442e3881a51e2bbabcb336ad229a619ac61e9ad24bd6b9b117bd",
                "sha256:25e261f3260ec798c48cb910862a299e565548a1b5421dec84315ddbc9ef28c4",
                "sha256:28fd99ee464ac3b02d1e2a71a63ca4f25c6110e4414a46a5b64631e6d2096899",
                "sha256:30a8f0ba84f8adf15a4877e80b3f97f786ce35616d918b9310578a2bd22952d5",
                "sha256:346261a2aeb743a39cf66ba8bde5e45931d313b76ce0946a69a6d1187ec7d279",
                "sha256:4f102452c64332b7e042fa37b84d4f15332bd639e479d15035f2a005fb9fbb34",
                "sha256:6d7d5d458d0d600bbbebd9f2bce551e386b359bcce6026f7369b57922d26f13a",
                "sha256:72dcce5f2e4f5910d65f02eb318c1e4622464da007a3ae5e9ccd64169d8efac3",
                "sha256:7b2eb48518b8c2bc9636883d264b291e5c93824fc6b61823ca9cf396a09474ad",
                "sha256:7d99c0a841a2c2a0e4d5b28376c1bfac794ec3821b66eb6fa2f7702cec820ee8",
                "sha256:948ef0c7da87901176d4320e0f40a3277ee06fe6f58ce151c1e60d8d50fdeaf4",
                "sha256:9b23a8e2acee91b5120febe00c53e7f472b9b6d49618e39fa1af86cdc1f0ade8",
                "sha256:abf16fc1155ebeba5558e5702dd7210d634ac8da484eca05a640b68a548dc7cf",
                "sha256:aceaab679b852c0a2ec0eed9eb2a490171b3493484f1881b605cbf2f9c5fde6d",
                "sha256:c350b1aaf257b1b778f44b8bfaeda07751f55e150f5a7464342f36e4aac8e805",
                "sha256:c36a9b9ebf9587aaa5d7928468fefe8faf6fc993a03cb242bb160ede9cf75b2d",
                "sha256:c75f674a52b8820c90d466183b2bb59f89bcf09d17ebe9b391313d89565c8896",
                "sha256:d627ebafc0327b935d8783454e7a4b5c32324ed39a2a1589239490ab850bf7d7",
                "sha256:dacf1aa84dc7dd8ae908626c3ae50fce956d0105130c7465fd248a4f035d50b1",
                "sha256:dcdcf380d07b9ca6f18a95e9516a6185f2ab31a53d290d5e698e77e59c043c9e",
                "sha256:e15153cb8ab5fcec00b99077de536489d22d4809fc28f633850398fef0560b1f",
                "sha256:e26a08a9500407fa8f4a6504f7077d1312bec4fa52cb0a58c1ad324ca1f3eeaa",
                "sha256:e2f0876e1efd76e05853cb0a623dba2746ee70686c043019d811737dd5c3d871",
                "sha256:e75ecb3df2c2cbe4d92d5dd58a318fa708edebc0fa2d850fc2a9d42481dbb808",
                "sha256:ec4386b2426bfb07f83455bf895d8a7e2d6c067343ac05be5511083ca2424991",
                "sha256:f67b22e3eaf5b03ffac97232d3dd67b56abcacad907ad4391c847bad5ba58f0e",
                "sha256:fec943d333851c4b5e57cd0b04dde36e6817f0d4d62b2a58ce028a82be444866"
            ],
            "index": "pypi",
            "markers": "python_version >= '3.9'",
            "version": "==9.1.0"
        },
        "prettytable": {
            "hashes": [
                "sha256:7e23ca1e68bbfd06ba8de98bf553bf3493264c96d5e8a615c0471025deeba722",
                "sha256:aa17083feb6c71da11a68b2c213b04675c4af4ce9c541762632ca3f2cb3546dd"
            ],
            "index": "pypi",
            "markers": "python_version >= '3.8'",
            "version": "==3.11.0"
        },
        "wcwidth": {
            "hashes": [
                "sha256:3da69048e4540d84af32131829ff948f1e022c1c6bdb8d6102117aac784f6859",
                "sha256:72ea0c06399eb286d978fdedb6923a9eb47e1c486ce63e9b4e64fc18303972b5"
            ],
            "version": "==0.2.13"
        }
    },
    "develop": {}
}
